
Microsoft Visual Studio Solution File, Format Version 12.00
Project("{FAE04EC0-301F-11D3-BF4B-00C04F79EFBC}") = "E-Comm", "E-Comm\E-Comm.csproj", "{A96EA13D-02EC-4EAA-81F3-FC2306EA4839}"
EndProject
Global
	GlobalSection(SolutionConfigurationPlatforms) = preSolution
		Debug|Any CPU = Debug|Any CPU
		Release|Any CPU = Release|Any CPU
	EndGlobalSection
	GlobalSection(ProjectConfigurationPlatforms) = postSolution
		{A96EA13D-02EC-4EAA-81F3-FC2306EA4839}.Debug|Any CPU.ActiveCfg = Debug|Any CPU
		{A96EA13D-02EC-4EAA-81F3-FC2306EA4839}.Debug|Any CPU.Build.0 = Debug|Any CPU
		{A96EA13D-02EC-4EAA-81F3-FC2306EA4839}.Release|Any CPU.ActiveCfg = Release|Any CPU
		{A96EA13D-02EC-4EAA-81F3-FC2306EA4839}.Release|Any CPU.Build.0 = Release|Any CPU
	EndGlobalSection
EndGlobal
